// !$*UTF8*$!
{
	archiveVersion = 1;
	classes = {
	};
	objectVersion = 46;
	objects = {

/* Begin PBXBuildFile section */
		C31058051EBF06B300C18F16 /* AKGPushAnimator.h in Headers */ = {isa = PBXBuildFile; fileRef = C31058031EBF06B300C18F16 /* AKGPushAnimator.h */; settings = {ATTRIBUTES = (Public, ); }; };
		C31058081EBF06B300C18F16 /* AKGPushAnimator.framework in Frameworks */ = {isa = PBXBuildFile; fileRef = C31058011EBF06B300C18F16 /* AKGPushAnimator.framework */; };
		C31058091EBF06B300C18F16 /* AKGPushAnimator.framework in Embed Frameworks */ = {isa = PBXBuildFile; fileRef = C31058011EBF06B300C18F16 /* AKGPushAnimator.framework */; settings = {ATTRIBUTES = (CodeSignOnCopy, RemoveHeadersOnCopy, ); }; };
		C310580E1EBF06EA00C18F16 /* AKGPushAnimator.swift in Sources */ = {isa = PBXBuildFile; fileRef = C3FDEE0C1EB66FC70032C8E5 /* AKGPushAnimator.swift */; };
		C310580F1EBF06EA00C18F16 /* AKGInteractionAnimator.swift in Sources */ = {isa = PBXBuildFile; fileRef = C3FDEE0B1EB66FC70032C8E5 /* AKGInteractionAnimator.swift */; };
		C31058101EBF06EA00C18F16 /* AKGPushAnimatorConstants.swift in Sources */ = {isa = PBXBuildFile; fileRef = C3FDEE0D1EB66FC70032C8E5 /* AKGPushAnimatorConstants.swift */; };
		C3FDEDC91EB668610032C8E5 /* AppDelegate.swift in Sources */ = {isa = PBXBuildFile; fileRef = C3FDEDC81EB668610032C8E5 /* AppDelegate.swift */; };
		C3FDEDCE1EB668610032C8E5 /* Main.storyboard in Resources */ = {isa = PBXBuildFile; fileRef = C3FDEDCC1EB668610032C8E5 /* Main.storyboard */; };
		C3FDEDD01EB668610032C8E5 /* Assets.xcassets in Resources */ = {isa = PBXBuildFile; fileRef = C3FDEDCF1EB668610032C8E5 /* Assets.xcassets */; };
		C3FDEDD31EB668610032C8E5 /* LaunchScreen.storyboard in Resources */ = {isa = PBXBuildFile; fileRef = C3FDEDD11EB668610032C8E5 /* LaunchScreen.storyboard */; };
		C3FDEDDE1EB668610032C8E5 /* AKGPushAnimatorDemoTests.swift in Sources */ = {isa = PBXBuildFile; fileRef = C3FDEDDD1EB668610032C8E5 /* AKGPushAnimatorDemoTests.swift */; };
		C3FDEDE91EB668610032C8E5 /* AKGPushAnimatorDemoUITests.swift in Sources */ = {isa = PBXBuildFile; fileRef = C3FDEDE81EB668610032C8E5 /* AKGPushAnimatorDemoUITests.swift */; };
		C3FDEDFE1EB669B30032C8E5 /* BaseViewController.swift in Sources */ = {isa = PBXBuildFile; fileRef = C3FDEDFD1EB669B30032C8E5 /* BaseViewController.swift */; };
		C3FDEE001EB669CB0032C8E5 /* FirstViewController.swift in Sources */ = {isa = PBXBuildFile; fileRef = C3FDEDFF1EB669CB0032C8E5 /* FirstViewController.swift */; };
		C3FDEE021EB669D90032C8E5 /* SecondViewController.swift in Sources */ = {isa = PBXBuildFile; fileRef = C3FDEE011EB669D90032C8E5 /* SecondViewController.swift */; };
		C3FDEE0E1EB66FC70032C8E5 /* AKGInteractionAnimator.swift in Sources */ = {isa = PBXBuildFile; fileRef = C3FDEE0B1EB66FC70032C8E5 /* AKGInteractionAnimator.swift */; };
		C3FDEE0F1EB66FC70032C8E5 /* AKGPushAnimator.swift in Sources */ = {isa = PBXBuildFile; fileRef = C3FDEE0C1EB66FC70032C8E5 /* AKGPushAnimator.swift */; };
		C3FDEE101EB66FC70032C8E5 /* AKGPushAnimatorConstants.swift in Sources */ = {isa = PBXBuildFile; fileRef = C3FDEE0D1EB66FC70032C8E5 /* AKGPushAnimatorConstants.swift */; };
/* End PBXBuildFile section */

/* Begin PBXContainerItemProxy section */
		C31058061EBF06B300C18F16 /* PBXContainerItemProxy */ = {
			isa = PBXContainerItemProxy;
			containerPortal = C3FDEDBD1EB668610032C8E5 /* Project object */;
			proxyType = 1;
			remoteGlobalIDString = C31058001EBF06B300C18F16;
			remoteInfo = AKGPushAnimator;
		};
		C3FDEDDA1EB668610032C8E5 /* PBXContainerItemProxy */ = {
			isa = PBXContainerItemProxy;
			containerPortal = C3FDEDBD1EB668610032C8E5 /* Project object */;
			proxyType = 1;
			remoteGlobalIDString = C3FDEDC41EB668610032C8E5;
			remoteInfo = AKGPushAnimatorDemo;
		};
		C3FDEDE51EB668610032C8E5 /* PBXContainerItemProxy */ = {
			isa = PBXContainerItemProxy;
			containerPortal = C3FDEDBD1EB668610032C8E5 /* Project object */;
			proxyType = 1;
			remoteGlobalIDString = C3FDEDC41EB668610032C8E5;
			remoteInfo = AKGPushAnimatorDemo;
		};
/* End PBXContainerItemProxy section */

/* Begin PBXCopyFilesBuildPhase section */
		C310580D1EBF06B300C18F16 /* Embed Frameworks */ = {
			isa = PBXCopyFilesBuildPhase;
			buildActionMask = 2147483647;
			dstPath = "";
			dstSubfolderSpec = 10;
			files = (
				C31058091EBF06B300C18F16 /* AKGPushAnimator.framework in Embed Frameworks */,
			);
			name = "Embed Frameworks";
			runOnlyForDeploymentPostprocessing = 0;
		};
/* End PBXCopyFilesBuildPhase section */

/* Begin PBXFileReference section */
		C31058011EBF06B300C18F16 /* AKGPushAnimator.framework */ = {isa = PBXFileReference; explicitFileType = wrapper.framework; includeInIndex = 0; path = AKGPushAnimator.framework; sourceTree = BUILT_PRODUCTS_DIR; };
		C31058031EBF06B300C18F16 /* AKGPushAnimator.h */ = {isa = PBXFileReference; lastKnownFileType = sourcecode.c.h; path = AKGPushAnimator.h; sourceTree = "<group>"; };
		C31058041EBF06B300C18F16 /* Info.plist */ = {isa = PBXFileReference; lastKnownFileType = text.plist.xml; path = Info.plist; sourceTree = "<group>"; };
		C3FDEDC51EB668610032C8E5 /* AKGPushAnimatorDemo.app */ = {isa = PBXFileReference; explicitFileType = wrapper.application; includeInIndex = 0; path = AKGPushAnimatorDemo.app; sourceTree = BUILT_PRODUCTS_DIR; };
		C3FDEDC81EB668610032C8E5 /* AppDelegate.swift */ = {isa = PBXFileReference; lastKnownFileType = sourcecode.swift; path = AppDelegate.swift; sourceTree = "<group>"; };
		C3FDEDCD1EB668610032C8E5 /* Base */ = {isa = PBXFileReference; lastKnownFileType = file.storyboard; name = Base; path = Base.lproj/Main.storyboard; sourceTree = "<group>"; };
		C3FDEDCF1EB668610032C8E5 /* Assets.xcassets */ = {isa = PBXFileReference; lastKnownFileType = folder.assetcatalog; path = Assets.xcassets; sourceTree = "<group>"; };
		C3FDEDD21EB668610032C8E5 /* Base */ = {isa = PBXFileReference; lastKnownFileType = file.storyboard; name = Base; path = Base.lproj/LaunchScreen.storyboard; sourceTree = "<group>"; };
		C3FDEDD41EB668610032C8E5 /* Info.plist */ = {isa = PBXFileReference; lastKnownFileType = text.plist.xml; path = Info.plist; sourceTree = "<group>"; };
		C3FDEDD91EB668610032C8E5 /* AKGPushAnimatorDemoTests.xctest */ = {isa = PBXFileReference; explicitFileType = wrapper.cfbundle; includeInIndex = 0; path = AKGPushAnimatorDemoTests.xctest; sourceTree = BUILT_PRODUCTS_DIR; };
		C3FDEDDD1EB668610032C8E5 /* AKGPushAnimatorDemoTests.swift */ = {isa = PBXFileReference; lastKnownFileType = sourcecode.swift; path = AKGPushAnimatorDemoTests.swift; sourceTree = "<group>"; };
		C3FDEDDF1EB668610032C8E5 /* Info.plist */ = {isa = PBXFileReference; lastKnownFileType = text.plist.xml; path = Info.plist; sourceTree = "<group>"; };
		C3FDEDE41EB668610032C8E5 /* AKGPushAnimatorDemoUITests.xctest */ = {isa = PBXFileReference; explicitFileType = wrapper.cfbundle; includeInIndex = 0; path = AKGPushAnimatorDemoUITests.xctest; sourceTree = BUILT_PRODUCTS_DIR; };
		C3FDEDE81EB668610032C8E5 /* AKGPushAnimatorDemoUITests.swift */ = {isa = PBXFileReference; lastKnownFileType = sourcecode.swift; path = AKGPushAnimatorDemoUITests.swift; sourceTree = "<group>"; };
		C3FDEDEA1EB668610032C8E5 /* Info.plist */ = {isa = PBXFileReference; lastKnownFileType = text.plist.xml; path = Info.plist; sourceTree = "<group>"; };
		C3FDEDFD1EB669B30032C8E5 /* BaseViewController.swift */ = {isa = PBXFileReference; fileEncoding = 4; lastKnownFileType = sourcecode.swift; path = BaseViewController.swift; sourceTree = "<group>"; };
		C3FDEDFF1EB669CB0032C8E5 /* FirstViewController.swift */ = {isa = PBXFileReference; fileEncoding = 4; lastKnownFileType = sourcecode.swift; path = FirstViewController.swift; sourceTree = "<group>"; };
		C3FDEE011EB669D90032C8E5 /* SecondViewController.swift */ = {isa = PBXFileReference; fileEncoding = 4; lastKnownFileType = sourcecode.swift; path = SecondViewController.swift; sourceTree = "<group>"; };
		C3FDEE0B1EB66FC70032C8E5 /* AKGInteractionAnimator.swift */ = {isa = PBXFileReference; fileEncoding = 4; lastKnownFileType = sourcecode.swift; path = AKGInteractionAnimator.swift; sourceTree = "<group>"; };
		C3FDEE0C1EB66FC70032C8E5 /* AKGPushAnimator.swift */ = {isa = PBXFileReference; fileEncoding = 4; lastKnownFileType = sourcecode.swift; path = AKGPushAnimator.swift; sourceTree = "<group>"; };
		C3FDEE0D1EB66FC70032C8E5 /* AKGPushAnimatorConstants.swift */ = {isa = PBXFileReference; fileEncoding = 4; lastKnownFileType = sourcecode.swift; path = AKGPushAnimatorConstants.swift; sourceTree = "<group>"; };
/* End PBXFileReference section */

/* Begin PBXFrameworksBuildPhase section */
		C31057FD1EBF06B300C18F16 /* Frameworks */ = {
			isa = PBXFrameworksBuildPhase;
			buildActionMask = 2147483647;
			files = (
			);
			runOnlyForDeploymentPostprocessing = 0;
		};
		C3FDEDC21EB668610032C8E5 /* Frameworks */ = {
			isa = PBXFrameworksBuildPhase;
			buildActionMask = 2147483647;
			files = (
				C31058081EBF06B300C18F16 /* AKGPushAnimator.framework in Frameworks */,
			);
			runOnlyForDeploymentPostprocessing = 0;
		};
		C3FDEDD61EB668610032C8E5 /* Frameworks */ = {
			isa = PBXFrameworksBuildPhase;
			buildActionMask = 2147483647;
			files = (
			);
			runOnlyForDeploymentPostprocessing = 0;
		};
		C3FDEDE11EB668610032C8E5 /* Frameworks */ = {
			isa = PBXFrameworksBuildPhase;
			buildActionMask = 2147483647;
			files = (
			);
			runOnlyForDeploymentPostprocessing = 0;
		};
/* End PBXFrameworksBuildPhase section */

/* Begin PBXGroup section */
		C31058021EBF06B300C18F16 /* AKGPushAnimator */ = {
			isa = PBXGroup;
			children = (
				C31058031EBF06B300C18F16 /* AKGPushAnimator.h */,
				C31058041EBF06B300C18F16 /* Info.plist */,
			);
			path = AKGPushAnimator;
			sourceTree = "<group>";
		};
		C3FDEDBC1EB668610032C8E5 = {
			isa = PBXGroup;
			children = (
				C3FDEDC71EB668610032C8E5 /* AKGPushAnimatorDemo */,
				C3FDEDDC1EB668610032C8E5 /* AKGPushAnimatorDemoTests */,
				C3FDEDE71EB668610032C8E5 /* AKGPushAnimatorDemoUITests */,
				C31058021EBF06B300C18F16 /* AKGPushAnimator */,
				C3FDEDC61EB668610032C8E5 /* Products */,
			);
			sourceTree = "<group>";
		};
		C3FDEDC61EB668610032C8E5 /* Products */ = {
			isa = PBXGroup;
			children = (
				C3FDEDC51EB668610032C8E5 /* AKGPushAnimatorDemo.app */,
				C3FDEDD91EB668610032C8E5 /* AKGPushAnimatorDemoTests.xctest */,
				C3FDEDE41EB668610032C8E5 /* AKGPushAnimatorDemoUITests.xctest */,
				C31058011EBF06B300C18F16 /* AKGPushAnimator.framework */,
			);
			name = Products;
			sourceTree = "<group>";
		};
		C3FDEDC71EB668610032C8E5 /* AKGPushAnimatorDemo */ = {
			isa = PBXGroup;
			children = (
				C3FDEE0A1EB66FC70032C8E5 /* AKGPushAnimator */,
				C3FDEDC81EB668610032C8E5 /* AppDelegate.swift */,
				C3FDEDFD1EB669B30032C8E5 /* BaseViewController.swift */,
				C3FDEDFF1EB669CB0032C8E5 /* FirstViewController.swift */,
				C3FDEE011EB669D90032C8E5 /* SecondViewController.swift */,
				C3FDEDCC1EB668610032C8E5 /* Main.storyboard */,
				C3FDEDCF1EB668610032C8E5 /* Assets.xcassets */,
				C3FDEDD11EB668610032C8E5 /* LaunchScreen.storyboard */,
				C3FDEDD41EB668610032C8E5 /* Info.plist */,
			);
			path = AKGPushAnimatorDemo;
			sourceTree = "<group>";
		};
		C3FDEDDC1EB668610032C8E5 /* AKGPushAnimatorDemoTests */ = {
			isa = PBXGroup;
			children = (
				C3FDEDDD1EB668610032C8E5 /* AKGPushAnimatorDemoTests.swift */,
				C3FDEDDF1EB668610032C8E5 /* Info.plist */,
			);
			path = AKGPushAnimatorDemoTests;
			sourceTree = "<group>";
		};
		C3FDEDE71EB668610032C8E5 /* AKGPushAnimatorDemoUITests */ = {
			isa = PBXGroup;
			children = (
				C3FDEDE81EB668610032C8E5 /* AKGPushAnimatorDemoUITests.swift */,
				C3FDEDEA1EB668610032C8E5 /* Info.plist */,
			);
			path = AKGPushAnimatorDemoUITests;
			sourceTree = "<group>";
		};
		C3FDEE0A1EB66FC70032C8E5 /* AKGPushAnimator */ = {
			isa = PBXGroup;
			children = (
				C3FDEE0C1EB66FC70032C8E5 /* AKGPushAnimator.swift */,
				C3FDEE0B1EB66FC70032C8E5 /* AKGInteractionAnimator.swift */,
				C3FDEE0D1EB66FC70032C8E5 /* AKGPushAnimatorConstants.swift */,
			);
			path = AKGPushAnimator;
			sourceTree = "<group>";
		};
/* End PBXGroup section */

/* Begin PBXHeadersBuildPhase section */
		C31057FE1EBF06B300C18F16 /* Headers */ = {
			isa = PBXHeadersBuildPhase;
			buildActionMask = 2147483647;
			files = (
				C31058051EBF06B300C18F16 /* AKGPushAnimator.h in Headers */,
			);
			runOnlyForDeploymentPostprocessing = 0;
		};
/* End PBXHeadersBuildPhase section */

/* Begin PBXNativeTarget section */
		C31058001EBF06B300C18F16 /* AKGPushAnimator */ = {
			isa = PBXNativeTarget;
			buildConfigurationList = C310580C1EBF06B300C18F16 /* Build configuration list for PBXNativeTarget "AKGPushAnimator" */;
			buildPhases = (
				C31057FC1EBF06B300C18F16 /* Sources */,
				C31057FD1EBF06B300C18F16 /* Frameworks */,
				C31057FE1EBF06B300C18F16 /* Headers */,
				C31057FF1EBF06B300C18F16 /* Resources */,
			);
			buildRules = (
			);
			dependencies = (
			);
			name = AKGPushAnimator;
			productName = AKGPushAnimator;
			productReference = C31058011EBF06B300C18F16 /* AKGPushAnimator.framework */;
			productType = "com.apple.product-type.framework";
		};
		C3FDEDC41EB668610032C8E5 /* AKGPushAnimatorDemo */ = {
			isa = PBXNativeTarget;
			buildConfigurationList = C3FDEDED1EB668610032C8E5 /* Build configuration list for PBXNativeTarget "AKGPushAnimatorDemo" */;
			buildPhases = (
				C3FDEDC11EB668610032C8E5 /* Sources */,
				C3FDEDC21EB668610032C8E5 /* Frameworks */,
				C3FDEDC31EB668610032C8E5 /* Resources */,
				C310580D1EBF06B300C18F16 /* Embed Frameworks */,
			);
			buildRules = (
			);
			dependencies = (
				C31058071EBF06B300C18F16 /* PBXTargetDependency */,
			);
			name = AKGPushAnimatorDemo;
			productName = AKGPushAnimatorDemo;
			productReference = C3FDEDC51EB668610032C8E5 /* AKGPushAnimatorDemo.app */;
			productType = "com.apple.product-type.application";
		};
		C3FDEDD81EB668610032C8E5 /* AKGPushAnimatorDemoTests */ = {
			isa = PBXNativeTarget;
			buildConfigurationList = C3FDEDF01EB668610032C8E5 /* Build configuration list for PBXNativeTarget "AKGPushAnimatorDemoTests" */;
			buildPhases = (
				C3FDEDD51EB668610032C8E5 /* Sources */,
				C3FDEDD61EB668610032C8E5 /* Frameworks */,
				C3FDEDD71EB668610032C8E5 /* Resources */,
			);
			buildRules = (
			);
			dependencies = (
				C3FDEDDB1EB668610032C8E5 /* PBXTargetDependency */,
			);
			name = AKGPushAnimatorDemoTests;
			productName = AKGPushAnimatorDemoTests;
			productReference = C3FDEDD91EB668610032C8E5 /* AKGPushAnimatorDemoTests.xctest */;
			productType = "com.apple.product-type.bundle.unit-test";
		};
		C3FDEDE31EB668610032C8E5 /* AKGPushAnimatorDemoUITests */ = {
			isa = PBXNativeTarget;
			buildConfigurationList = C3FDEDF31EB668610032C8E5 /* Build configuration list for PBXNativeTarget "AKGPushAnimatorDemoUITests" */;
			buildPhases = (
				C3FDEDE01EB668610032C8E5 /* Sources */,
				C3FDEDE11EB668610032C8E5 /* Frameworks */,
				C3FDEDE21EB668610032C8E5 /* Resources */,
			);
			buildRules = (
			);
			dependencies = (
				C3FDEDE61EB668610032C8E5 /* PBXTargetDependency */,
			);
			name = AKGPushAnimatorDemoUITests;
			productName = AKGPushAnimatorDemoUITests;
			productReference = C3FDEDE41EB668610032C8E5 /* AKGPushAnimatorDemoUITests.xctest */;
			productType = "com.apple.product-type.bundle.ui-testing";
		};
/* End PBXNativeTarget section */

/* Begin PBXProject section */
		C3FDEDBD1EB668610032C8E5 /* Project object */ = {
			isa = PBXProject;
			attributes = {
				LastSwiftUpdateCheck = 0820;
				LastUpgradeCheck = 0820;
				ORGANIZATIONNAME = "AHMET KAZIM GUNAY";
				TargetAttributes = {
					C31058001EBF06B300C18F16 = {
						CreatedOnToolsVersion = 8.2.1;
						DevelopmentTeam = KUKEJWK3NR;
						ProvisioningStyle = Automatic;
					};
					C3FDEDC41EB668610032C8E5 = {
						CreatedOnToolsVersion = 8.2.1;
						DevelopmentTeam = KUKEJWK3NR;
						ProvisioningStyle = Automatic;
					};
					C3FDEDD81EB668610032C8E5 = {
						CreatedOnToolsVersion = 8.2.1;
						DevelopmentTeam = KUKEJWK3NR;
						ProvisioningStyle = Automatic;
						TestTargetID = C3FDEDC41EB668610032C8E5;
					};
					C3FDEDE31EB668610032C8E5 = {
						CreatedOnToolsVersion = 8.2.1;
						DevelopmentTeam = KUKEJWK3NR;
						ProvisioningStyle = Automatic;
						TestTargetID = C3FDEDC41EB668610032C8E5;
					};
				};
			};
			buildConfigurationList = C3FDEDC01EB668610032C8E5 /* Build configuration list for PBXProject "AKGPushAnimatorDemo" */;
			compatibilityVersion = "Xcode 3.2";
			developmentRegion = English;
			hasScannedForEncodings = 0;
			knownRegions = (
				en,
				Base,
			);
			mainGroup = C3FDEDBC1EB668610032C8E5;
			productRefGroup = C3FDEDC61EB668610032C8E5 /* Products */;
			projectDirPath = "";
			projectRoot = "";
			targets = (
				C3FDEDC41EB668610032C8E5 /* AKGPushAnimatorDemo */,
				C3FDEDD81EB668610032C8E5 /* AKGPushAnimatorDemoTests */,
				C3FDEDE31EB668610032C8E5 /* AKGPushAnimatorDemoUITests */,
				C31058001EBF06B300C18F16 /* AKGPushAnimator */,
			);
		};
/* End PBXProject section */

/* Begin PBXResourcesBuildPhase section */
		C31057FF1EBF06B300C18F16 /* Resources */ = {
			isa = PBXResourcesBuildPhase;
			buildActionMask = 2147483647;
			files = (
			);
			runOnlyForDeploymentPostprocessing = 0;
		};
		C3FDEDC31EB668610032C8E5 /* Resources */ = {
			isa = PBXResourcesBuildPhase;
			buildActionMask = 2147483647;
			files = (
				C3FDEDD31EB668610032C8E5 /* LaunchScreen.storyboard in Resources */,
				C3FDEDD01EB668610032C8E5 /* Assets.xcassets in Resources */,
				C3FDEDCE1EB668610032C8E5 /* Main.storyboard in Resources */,
			);
			runOnlyForDeploymentPostprocessing = 0;
		};
		C3FDEDD71EB668610032C8E5 /* Resources */ = {
			isa = PBXResourcesBuildPhase;
			buildActionMask = 2147483647;
			files = (
			);
			runOnlyForDeploymentPostprocessing = 0;
		};
		C3FDEDE21EB668610032C8E5 /* Resources */ = {
			isa = PBXResourcesBuildPhase;
			buildActionMask = 2147483647;
			files = (
			);
			runOnlyForDeploymentPostprocessing = 0;
		};
/* End PBXResourcesBuildPhase section */

/* Begin PBXSourcesBuildPhase section */
		C31057FC1EBF06B300C18F16 /* Sources */ = {
			isa = PBXSourcesBuildPhase;
			buildActionMask = 2147483647;
			files = (
				C310580E1EBF06EA00C18F16 /* AKGPushAnimator.swift in Sources */,
				C310580F1EBF06EA00C18F16 /* AKGInteractionAnimator.swift in Sources */,
				C31058101EBF06EA00C18F16 /* AKGPushAnimatorConstants.swift in Sources */,
			);
			runOnlyForDeploymentPostprocessing = 0;
		};
		C3FDEDC11EB668610032C8E5 /* Sources */ = {
			isa = PBXSourcesBuildPhase;
			buildActionMask = 2147483647;
			files = (
				C3FDEE001EB669CB0032C8E5 /* FirstViewController.swift in Sources */,
				C3FDEE021EB669D90032C8E5 /* SecondViewController.swift in Sources */,
				C3FDEDC91EB668610032C8E5 /* AppDelegate.swift in Sources */,
				C3FDEDFE1EB669B30032C8E5 /* BaseViewController.swift in Sources */,
				C3FDEE101EB66FC70032C8E5 /* AKGPushAnimatorConstants.swift in Sources */,
				C3FDEE0F1EB66FC70032C8E5 /* AKGPushAnimator.swift in Sources */,
				C3FDEE0E1EB66FC70032C8E5 /* AKGInteractionAnimator.swift in Sources */,
			);
			runOnlyForDeploymentPostprocessing = 0;
		};
		C3FDEDD51EB668610032C8E5 /* Sources */ = {
			isa = PBXSourcesBuildPhase;
			buildActionMask = 2147483647;
			files = (
				C3FDEDDE1EB668610032C8E5 /* AKGPushAnimatorDemoTests.swift in Sources */,
			);
			runOnlyForDeploymentPostprocessing = 0;
		};
		C3FDEDE01EB668610032C8E5 /* Sources */ = {
			isa = PBXSourcesBuildPhase;
			buildActionMask = 2147483647;
			files = (
				C3FDEDE91EB668610032C8E5 /* AKGPushAnimatorDemoUITests.swift in Sources */,
			);
			runOnlyForDeploymentPostprocessing = 0;
		};
/* End PBXSourcesBuildPhase section */

/* Begin PBXTargetDependency section */
		C31058071EBF06B300C18F16 /* PBXTargetDependency */ = {
			isa = PBXTargetDependency;
			target = C31058001EBF06B300C18F16 /* AKGPushAnimator */;
			targetProxy = C31058061EBF06B300C18F16 /* PBXContainerItemProxy */;
		};
		C3FDEDDB1EB668610032C8E5 /* PBXTargetDependency */ = {
			isa = PBXTargetDependency;
			target = C3FDEDC41EB668610032C8E5 /* AKGPushAnimatorDemo */;
			targetProxy = C3FDEDDA1EB668610032C8E5 /* PBXContainerItemProxy */;
		};
		C3FDEDE61EB668610032C8E5 /* PBXTargetDependency */ = {
			isa = PBXTargetDependency;
			target = C3FDEDC41EB668610032C8E5 /* AKGPushAnimatorDemo */;
			targetProxy = C3FDEDE51EB668610032C8E5 /* PBXContainerItemProxy */;
		};
/* End PBXTargetDependency section */

/* Begin PBXVariantGroup section */
		C3FDEDCC1EB668610032C8E5 /* Main.storyboard */ = {
			isa = PBXVariantGroup;
			children = (
				C3FDEDCD1EB668610032C8E5 /* Base */,
			);
			name = Main.storyboard;
			sourceTree = "<group>";
		};
		C3FDEDD11EB668610032C8E5 /* LaunchScreen.storyboard */ = {
			isa = PBXVariantGroup;
			children = (
				C3FDEDD21EB668610032C8E5 /* Base */,
			);
			name = LaunchScreen.storyboard;
			sourceTree = "<group>";
		};
/* End PBXVariantGroup section */

/* Begin XCBuildConfiguration section */
		C310580A1EBF06B300C18F16 /* Debug */ = {
			isa = XCBuildConfiguration;
			buildSettings = {
				CODE_SIGN_IDENTITY = "";
				CURRENT_PROJECT_VERSION = 1;
				DEFINES_MODULE = YES;
				DEVELOPMENT_TEAM = KUKEJWK3NR;
				DYLIB_COMPATIBILITY_VERSION = 1;
				DYLIB_CURRENT_VERSION = 1;
				DYLIB_INSTALL_NAME_BASE = "@rpath";
				INFOPLIST_FILE = AKGPushAnimator/Info.plist;
				INSTALL_PATH = "$(LOCAL_LIBRARY_DIR)/Frameworks";
				IPHONEOS_DEPLOYMENT_TARGET = 8.0;
				LD_RUNPATH_SEARCH_PATHS = "$(inherited) @executable_path/Frameworks @loader_path/Frameworks";
				PRODUCT_BUNDLE_IDENTIFIER = com.ahmetkgunay.AKGPushAnimator;
				PRODUCT_NAME = "$(TARGET_NAME)";
				SKIP_INSTALL = YES;
				SWIFT_VERSION = 3.0;
				VERSIONING_SYSTEM = "apple-generic";
				VERSION_INFO_PREFIX = "";
			};
			name = Debug;
		};
		C310580B1EBF06B300C18F16 /* Release */ = {
			isa = XCBuildConfiguration;
			buildSettings = {
				CODE_SIGN_IDENTITY = "";
				CURRENT_PROJECT_VERSION = 1;
				DEFINES_MODULE = YES;
				DEVELOPMENT_TEAM = KUKEJWK3NR;
				DYLIB_COMPATIBILITY_VERSION = 1;
				DYLIB_CURRENT_VERSION = 1;
				DYLIB_INSTALL_NAME_BASE = "@rpath";
				INFOPLIST_FILE = AKGPushAnimator/Info.plist;
				INSTALL_PATH = "$(LOCAL_LIBRARY_DIR)/Frameworks";
				IPHONEOS_DEPLOYMENT_TARGET = 8.0;
				LD_RUNPATH_SEARCH_PATHS = "$(inherited) @executable_path/Frameworks @loader_path/Frameworks";
				PRODUCT_BUNDLE_IDENTIFIER = com.ahmetkgunay.AKGPushAnimator;
				PRODUCT_NAME = "$(TARGET_NAME)";
				SKIP_INSTALL = YES;
				SWIFT_VERSION = 3.0;
				VERSIONING_SYSTEM = "apple-generic";
				VERSION_INFO_PREFIX = "";
			};
			name = Release;
		};
		C3FDEDEB1EB668610032C8E5 /* Debug */ = {
			isa = XCBuildConfiguration;
			buildSettings = {
				ALWAYS_SEARCH_USER_PATHS = NO;
				CLANG_ANALYZER_NONNULL = YES;
				CLANG_CXX_LANGUAGE_STANDARD = "gnu++0x";
				CLANG_CXX_LIBRARY = "libc++";
				CLANG_ENABLE_MODULES = YES;
				CLANG_ENABLE_OBJC_ARC = YES;
				CLANG_WARN_BOOL_CONVERSION = YES;
				CLANG_WARN_CONSTANT_CONVERSION = YES;
				CLANG_WARN_DIRECT_OBJC_ISA_USAGE = YES_ERROR;
				CLANG_WARN_DOCUMENTATION_COMMENTS = YES;
				CLANG_WARN_EMPTY_BODY = YES;
				CLANG_WARN_ENUM_CONVERSION = YES;
				CLANG_WARN_INFINITE_RECURSION = YES;
				CLANG_WARN_INT_CONVERSION = YES;
				CLANG_WARN_OBJC_ROOT_CLASS = YES_ERROR;
				CLANG_WARN_SUSPICIOUS_MOVE = YES;
				CLANG_WARN_UNREACHABLE_CODE = YES;
				CLANG_WARN__DUPLICATE_METHOD_MATCH = YES;
				"CODE_SIGN_IDENTITY[sdk=iphoneos*]" = "iPhone Developer";
				COPY_PHASE_STRIP = NO;
				DEBUG_INFORMATION_FORMAT = dwarf;
				ENABLE_STRICT_OBJC_MSGSEND = YES;
				ENABLE_TESTABILITY = YES;
				GCC_C_LANGUAGE_STANDARD = gnu99;
				GCC_DYNAMIC_NO_PIC = NO;
				GCC_NO_COMMON_BLOCKS = YES;
				GCC_OPTIMIZATION_LEVEL = 0;
				GCC_PREPROCESSOR_DEFINITIONS = (
					"DEBUG=1",
					"$(inherited)",
				);
				GCC_WARN_64_TO_32_BIT_CONVERSION = YES;
				GCC_WARN_ABOUT_RETURN_TYPE = YES_ERROR;
				GCC_WARN_UNDECLARED_SELECTOR = YES;
				GCC_WARN_UNINITIALIZED_AUTOS = YES_AGGRESSIVE;
				GCC_WARN_UNUSED_FUNCTION = YES;
				GCC_WARN_UNUSED_VARIABLE = YES;
				IPHONEOS_DEPLOYMENT_TARGET = 10.2;
				MTL_ENABLE_DEBUG_INFO = YES;
				ONLY_ACTIVE_ARCH = YES;
				SDKROOT = iphoneos;
				SWIFT_ACTIVE_COMPILATION_CONDITIONS = DEBUG;
				SWIFT_OPTIMIZATION_LEVEL = "-Onone";
				TARGETED_DEVICE_FAMILY = "1,2";
			};
			name = Debug;
		};
		C3FDEDEC1EB668610032C8E5 /* Release */ = {
			isa = XCBuildConfiguration;
			buildSettings = {
				ALWAYS_SEARCH_USER_PATHS = NO;
				CLANG_ANALYZER_NONNULL = YES;
				CLANG_CXX_LANGUAGE_STANDARD = "gnu++0x";
				CLANG_CXX_LIBRARY = "libc++";
				CLANG_ENABLE_MODULES = YES;
				CLANG_ENABLE_OBJC_ARC = YES;
				CLANG_WARN_BOOL_CONVERSION = YES;
				CLANG_WARN_CONSTANT_CONVERSION = YES;
				CLANG_WARN_DIRECT_OBJC_ISA_USAGE = YES_ERROR;
				CLANG_WARN_DOCUMENTATION_COMMENTS = YES;
				CLANG_WARN_EMPTY_BODY = YES;
				CLANG_WARN_ENUM_CONVERSION = YES;
				CLANG_WARN_INFINITE_RECURSION = YES;
				CLANG_WARN_INT_CONVERSION = YES;
				CLANG_WARN_OBJC_ROOT_CLASS = YES_ERROR;
				CLANG_WARN_SUSPICIOUS_MOVE = YES;
				CLANG_WARN_UNREACHABLE_CODE = YES;
				CLANG_WARN__DUPLICATE_METHOD_MATCH = YES;
				"CODE_SIGN_IDENTITY[sdk=iphoneos*]" = "iPhone Developer";
				COPY_PHASE_STRIP = NO;
				DEBUG_INFORMATION_FORMAT = "dwarf-with-dsym";
				ENABLE_NS_ASSERTIONS = NO;
				ENABLE_STRICT_OBJC_MSGSEND = YES;
				GCC_C_LANGUAGE_STANDARD = gnu99;
				GCC_NO_COMMON_BLOCKS = YES;
				GCC_WARN_64_TO_32_BIT_CONVERSION = YES;
				GCC_WARN_ABOUT_RETURN_TYPE = YES_ERROR;
				GCC_WARN_UNDECLARED_SELECTOR = YES;
				GCC_WARN_UNINITIALIZED_AUTOS = YES_AGGRESSIVE;
				GCC_WARN_UNUSED_FUNCTION = YES;
				GCC_WARN_UNUSED_VARIABLE = YES;
				IPHONEOS_DEPLOYMENT_TARGET = 10.2;
				MTL_ENABLE_DEBUG_INFO = NO;
				SDKROOT = iphoneos;
				SWIFT_OPTIMIZATION_LEVEL = "-Owholemodule";
				TARGETED_DEVICE_FAMILY = "1,2";
				VALIDATE_PRODUCT = YES;
			};
			name = Release;
		};
		C3FDEDEE1EB668610032C8E5 /* Debug */ = {
			isa = XCBuildConfiguration;
			buildSettings = {
				ALWAYS_EMBED_SWIFT_STANDARD_LIBRARIES = YES;
				ASSETCATALOG_COMPILER_APPICON_NAME = AppIcon;
				DEVELOPMENT_TEAM = KUKEJWK3NR;
				INFOPLIST_FILE = AKGPushAnimatorDemo/Info.plist;
				IPHONEOS_DEPLOYMENT_TARGET = 8.0;
				LD_RUNPATH_SEARCH_PATHS = "$(inherited) @executable_path/Frameworks";
				PRODUCT_BUNDLE_IDENTIFIER = com.ahmetkgunay.AKGPushAnimatorDemo;
				PRODUCT_NAME = "$(TARGET_NAME)";
				SWIFT_VERSION = 3.0;
			};
			name = Debug;
		};
		C3FDEDEF1EB668610032C8E5 /* Release */ = {
			isa = XCBuildConfiguration;
			buildSettings = {
				ALWAYS_EMBED_SWIFT_STANDARD_LIBRARIES = YES;
				ASSETCATALOG_COMPILER_APPICON_NAME = AppIcon;
				DEVELOPMENT_TEAM = KUKEJWK3NR;
				INFOPLIST_FILE = AKGPushAnimatorDemo/Info.plist;
				IPHONEOS_DEPLOYMENT_TARGET = 8.0;
				LD_RUNPATH_SEARCH_PATHS = "$(inherited) @executable_path/Frameworks";
				PRODUCT_BUNDLE_IDENTIFIER = com.ahmetkgunay.AKGPushAnimatorDemo;
				PRODUCT_NAME = "$(TARGET_NAME)";
				SWIFT_VERSION = 3.0;
			};
			name = Release;
		};
		C3FDEDF11EB668610032C8E5 /* Debug */ = {
			isa = XCBuildConfiguration;
			buildSettings = {
				ALWAYS_EMBED_SWIFT_STANDARD_LIBRARIES = YES;
				BUNDLE_LOADER = "$(TEST_HOST)";
				DEVELOPMENT_TEAM = KUKEJWK3NR;
				INFOPLIST_FILE = AKGPushAnimatorDemoTests/Info.plist;
				LD_RUNPATH_SEARCH_PATHS = "$(inherited) @executable_path/Frameworks @loader_path/Frameworks";
				PRODUCT_BUNDLE_IDENTIFIER = com.ahmetkgunay.AKGPushAnimatorDemoTests;
				PRODUCT_NAME = "$(TARGET_NAME)";
				SWIFT_VERSION = 3.0;
				TEST_HOST = "$(BUILT_PRODUCTS_DIR)/AKGPushAnimatorDemo.app/AKGPushAnimatorDemo";
			};
			name = Debug;
		};
		C3FDEDF21EB668610032C8E5 /* Release */ = {
			isa = XCBuildConfiguration;
			buildSettings = {
				ALWAYS_EMBED_SWIFT_STANDARD_LIBRARIES = YES;
				BUNDLE_LOADER = "$(TEST_HOST)";
				DEVELOPMENT_TEAM = KUKEJWK3NR;
				INFOPLIST_FILE = AKGPushAnimatorDemoTests/Info.plist;
				LD_RUNPATH_SEARCH_PATHS = "$(inherited) @executable_path/Frameworks @loader_path/Frameworks";
				PRODUCT_BUNDLE_IDENTIFIER = com.ahmetkgunay.AKGPushAnimatorDemoTests;
				PRODUCT_NAME = "$(TARGET_NAME)";
				SWIFT_VERSION = 3.0;
				TEST_HOST = "$(BUILT_PRODUCTS_DIR)/AKGPushAnimatorDemo.app/AKGPushAnimatorDemo";
			};
			name = Release;
		};
		C3FDEDF41EB668610032C8E5 /* Debug */ = {
			isa = XCBuildConfiguration;
			buildSettings = {
				ALWAYS_EMBED_SWIFT_STANDARD_LIBRARIES = YES;
				DEVELOPMENT_TEAM = KUKEJWK3NR;
				INFOPLIST_FILE = AKGPushAnimatorDemoUITests/Info.plist;
				LD_RUNPATH_SEARCH_PATHS = "$(inherited) @executable_path/Frameworks @loader_path/Frameworks";
				PRODUCT_BUNDLE_IDENTIFIER = com.ahmetkgunay.AKGPushAnimatorDemoUITests;
				PRODUCT_NAME = "$(TARGET_NAME)";
				SWIFT_VERSION = 3.0;
				TEST_TARGET_NAME = AKGPushAnimatorDemo;
			};
			name = Debug;
		};
		C3FDEDF51EB668610032C8E5 /* Release */ = {
			isa = XCBuildConfiguration;
			buildSettings = {
				ALWAYS_EMBED_SWIFT_STANDARD_LIBRARIES = YES;
				DEVELOPMENT_TEAM = KUKEJWK3NR;
				INFOPLIST_FILE = AKGPushAnimatorDemoUITests/Info.plist;
				LD_RUNPATH_SEARCH_PATHS = "$(inherited) @executable_path/Frameworks @loader_path/Frameworks";
				PRODUCT_BUNDLE_IDENTIFIER = com.ahmetkgunay.AKGPushAnimatorDemoUITests;
				PRODUCT_NAME = "$(TARGET_NAME)";
				SWIFT_VERSION = 3.0;
				TEST_TARGET_NAME = AKGPushAnimatorDemo;
			};
			name = Release;
		};
/* End XCBuildConfiguration section */

/* Begin XCConfigurationList section */
		C310580C1EBF06B300C18F16 /* Build configuration list for PBXNativeTarget "AKGPushAnimator" */ = {
			isa = XCConfigurationList;
			buildConfigurations = (
				C310580A1EBF06B300C18F16 /* Debug */,
				C310580B1EBF06B300C18F16 /* Release */,
			);
			defaultConfigurationIsVisible = 0;
			defaultConfigurationName = Release;
		};
		C3FDEDC01EB668610032C8E5 /* Build configuration list for PBXProject "AKGPushAnimatorDemo" */ = {
			isa = XCConfigurationList;
			buildConfigurations = (
				C3FDEDEB1EB668610032C8E5 /* Debug */,
				C3FDEDEC1EB668610032C8E5 /* Release */,
			);
			defaultConfigurationIsVisible = 0;
			defaultConfigurationName = Release;
		};
		C3FDEDED1EB668610032C8E5 /* Build configuration list for PBXNativeTarget "AKGPushAnimatorDemo" */ = {
			isa = XCConfigurationList;
			buildConfigurations = (
				C3FDEDEE1EB668610032C8E5 /* Debug */,
				C3FDEDEF1EB668610032C8E5 /* Release */,
			);
			defaultConfigurationIsVisible = 0;
			defaultConfigurationName = Release;
		};
		C3FDEDF01EB668610032C8E5 /* Build configuration list for PBXNativeTarget "AKGPushAnimatorDemoTests" */ = {
			isa = XCConfigurationList;
			buildConfigurations = (
				C3FDEDF11EB668610032C8E5 /* Debug */,
				C3FDEDF21EB668610032C8E5 /* Release */,
			);
			defaultConfigurationIsVisible = 0;
			defaultConfigurationName = Release;
		};
		C3FDEDF31EB668610032C8E5 /* Build configuration list for PBXNativeTarget "AKGPushAnimatorDemoUITests" */ = {
			isa = XCConfigurationList;
			buildConfigurations = (
				C3FDEDF41EB668610032C8E5 /* Debug */,
				C3FDEDF51EB668610032C8E5 /* Release */,
			);
			defaultConfigurationIsVisible = 0;
			defaultConfigurationName = Release;
		};
/* End XCConfigurationList section */
	};
	rootObject = C3FDEDBD1EB668610032C8E5 /* Project object */;
}
